// !$*UTF8*$!
{
	archiveVersion = 1;
	classes = {
	};
	objectVersion = 56;
	objects = {

/* Begin PBXBuildFile section */
		676F1DC82B55347C00BFCF64 /* AppDelegate.swift in Sources */ = {isa = PBXBuildFile; fileRef = 676F1DC72B55347C00BFCF64 /* AppDelegate.swift */; };
		676F1DCA2B55347C00BFCF64 /* SceneDelegate.swift in Sources */ = {isa = PBXBuildFile; fileRef = 676F1DC92B55347C00BFCF64 /* SceneDelegate.swift */; };
		676F1DCC2B55347C00BFCF64 /* ViewController.swift in Sources */ = {isa = PBXBuildFile; fileRef = 676F1DCB2B55347C00BFCF64 /* ViewController.swift */; };
		676F1DCF2B55347C00BFCF64 /* Main.storyboard in Resources */ = {isa = PBXBuildFile; fileRef = 676F1DCD2B55347C00BFCF64 /* Main.storyboard */; };
		676F1DD12B55347D00BFCF64 /* Assets.xcassets in Resources */ = {isa = PBXBuildFile; fileRef = 676F1DD02B55347D00BFCF64 /* Assets.xcassets */; };
		676F1DD42B55347D00BFCF64 /* LaunchScreen.storyboard in Resources */ = {isa = PBXBuildFile; fileRef = 676F1DD22B55347D00BFCF64 /* LaunchScreen.storyboard */; };
		676F1DDC2B55357D00BFCF64 /* GoogleService-Info.plist in Resources */ = {isa = PBXBuildFile; fileRef = 676F1DDB2B55357D00BFCF64 /* GoogleService-Info.plist */; };
		676F1DDE2B5B8A5E00BFCF64 /* SettingsVC.swift in Sources */ = {isa = PBXBuildFile; fileRef = 676F1DDD2B5B8A5E00BFCF64 /* SettingsVC.swift */; };
		676F1DE02B5B8A6A00BFCF64 /* UploadVC.swift in Sources */ = {isa = PBXBuildFile; fileRef = 676F1DDF2B5B8A6A00BFCF64 /* UploadVC.swift */; };
		676F1DE22B5B8A7600BFCF64 /* FeedVC.swift in Sources */ = {isa = PBXBuildFile; fileRef = 676F1DE12B5B8A7600BFCF64 /* FeedVC.swift */; };
		8193828F3FAB738A85136224 /* Pods_InstaClone_Firebase.framework in Frameworks */ = {isa = PBXBuildFile; fileRef = 2CE58F2CAC6568D13A275889 /* Pods_InstaClone_Firebase.framework */; };
/* End PBXBuildFile section */

/* Begin PBXFileReference section */
		01853D9AA3136D3F2265F3EB /* Pods-InstaClone-Firebase.debug.xcconfig */ = {isa = PBXFileReference; includeInIndex = 1; lastKnownFileType = text.xcconfig; name = "Pods-InstaClone-Firebase.debug.xcconfig"; path = "Target Support Files/Pods-InstaClone-Firebase/Pods-InstaClone-Firebase.debug.xcconfig"; sourceTree = "<group>"; };
		2CE58F2CAC6568D13A275889 /* Pods_InstaClone_Firebase.framework */ = {isa = PBXFileReference; explicitFileType = wrapper.framework; includeInIndex = 0; path = Pods_InstaClone_Firebase.framework; sourceTree = BUILT_PRODUCTS_DIR; };
		676F1DC42B55347C00BFCF64 /* InstaClone-Firebase.app */ = {isa = PBXFileReference; explicitFileType = wrapper.application; includeInIndex = 0; path = "InstaClone-Firebase.app"; sourceTree = BUILT_PRODUCTS_DIR; };
		676F1DC72B55347C00BFCF64 /* AppDelegate.swift */ = {isa = PBXFileReference; lastKnownFileType = sourcecode.swift; path = AppDelegate.swift; sourceTree = "<group>"; };
		676F1DC92B55347C00BFCF64 /* SceneDelegate.swift */ = {isa = PBXFileReference; lastKnownFileType = sourcecode.swift; path = SceneDelegate.swift; sourceTree = "<group>"; };
		676F1DCB2B55347C00BFCF64 /* ViewController.swift */ = {isa = PBXFileReference; lastKnownFileType = sourcecode.swift; path = ViewController.swift; sourceTree = "<group>"; };
		676F1DCE2B55347C00BFCF64 /* Base */ = {isa = PBXFileReference; lastKnownFileType = file.storyboard; name = Base; path = Base.lproj/Main.storyboard; sourceTree = "<group>"; };
		676F1DD02B55347D00BFCF64 /* Assets.xcassets */ = {isa = PBXFileReference; lastKnownFileType = folder.assetcatalog; path = Assets.xcassets; sourceTree = "<group>"; };
		676F1DD32B55347D00BFCF64 /* Base */ = {isa = PBXFileReference; lastKnownFileType = file.storyboard; name = Base; path = Base.lproj/LaunchScreen.storyboard; sourceTree = "<group>"; };
		676F1DD52B55347D00BFCF64 /* Info.plist */ = {isa = PBXFileReference; lastKnownFileType = text.plist.xml; path = Info.plist; sourceTree = "<group>"; };
		676F1DDB2B55357D00BFCF64 /* GoogleService-Info.plist */ = {isa = PBXFileReference; fileEncoding = 4; lastKnownFileType = text.plist.xml; path = "GoogleService-Info.plist"; sourceTree = "<group>"; };
		676F1DDD2B5B8A5E00BFCF64 /* SettingsVC.swift */ = {isa = PBXFileReference; lastKnownFileType = sourcecode.swift; path = SettingsVC.swift; sourceTree = "<group>"; };
		676F1DDF2B5B8A6A00BFCF64 /* UploadVC.swift */ = {isa = PBXFileReference; lastKnownFileType = sourcecode.swift; path = UploadVC.swift; sourceTree = "<group>"; };
		676F1DE12B5B8A7600BFCF64 /* FeedVC.swift */ = {isa = PBXFileReference; lastKnownFileType = sourcecode.swift; path = FeedVC.swift; sourceTree = "<group>"; };
		96E255EBB346F59AB9D8595E /* Pods-InstaClone-Firebase.release.xcconfig */ = {isa = PBXFileReference; includeInIndex = 1; lastKnownFileType = text.xcconfig; name = "Pods-InstaClone-Firebase.release.xcconfig"; path = "Target Support Files/Pods-InstaClone-Firebase/Pods-InstaClone-Firebase.release.xcconfig"; sourceTree = "<group>"; };
/* End PBXFileReference section */

/* Begin PBXFrameworksBuildPhase section */
		676F1DC12B55347C00BFCF64 /* Frameworks */ = {
			isa = PBXFrameworksBuildPhase;
			buildActionMask = 2147483647;
			files = (
				8193828F3FAB738A85136224 /* Pods_InstaClone_Firebase.framework in Frameworks */,
			);
			runOnlyForDeploymentPostprocessing = 0;
		};
/* End PBXFrameworksBuildPhase section */

/* Begin PBXGroup section */
		19B31CB653C79E9108110201 /* Frameworks */ = {
			isa = PBXGroup;
			children = (
				2CE58F2CAC6568D13A275889 /* Pods_InstaClone_Firebase.framework */,
			);
			name = Frameworks;
			sourceTree = "<group>";
		};
		676F1DBB2B55347C00BFCF64 = {
			isa = PBXGroup;
			children = (
				676F1DC62B55347C00BFCF64 /* InstaClone-Firebase */,
				676F1DC52B55347C00BFCF64 /* Products */,
				B029F106F1B41F5FCA24889A /* Pods */,
				19B31CB653C79E9108110201 /* Frameworks */,
			);
			sourceTree = "<group>";
		};
		676F1DC52B55347C00BFCF64 /* Products */ = {
			isa = PBXGroup;
			children = (
				676F1DC42B55347C00BFCF64 /* InstaClone-Firebase.app */,
			);
			name = Products;
			sourceTree = "<group>";
		};
		676F1DC62B55347C00BFCF64 /* InstaClone-Firebase */ = {
			isa = PBXGroup;
			children = (
				676F1DC72B55347C00BFCF64 /* AppDelegate.swift */,
				676F1DC92B55347C00BFCF64 /* SceneDelegate.swift */,
				676F1DCB2B55347C00BFCF64 /* ViewController.swift */,
				676F1DDD2B5B8A5E00BFCF64 /* SettingsVC.swift */,
				676F1DE12B5B8A7600BFCF64 /* FeedVC.swift */,
				676F1DDF2B5B8A6A00BFCF64 /* UploadVC.swift */,
				676F1DCD2B55347C00BFCF64 /* Main.storyboard */,
				676F1DD02B55347D00BFCF64 /* Assets.xcassets */,
				676F1DD22B55347D00BFCF64 /* LaunchScreen.storyboard */,
				676F1DD52B55347D00BFCF64 /* Info.plist */,
				676F1DDB2B55357D00BFCF64 /* GoogleService-Info.plist */,
			);
			path = "InstaClone-Firebase";
			sourceTree = "<group>";
		};
		B029F106F1B41F5FCA24889A /* Pods */ = {
			isa = PBXGroup;
			children = (
				01853D9AA3136D3F2265F3EB /* Pods-InstaClone-Firebase.debug.xcconfig */,
				96E255EBB346F59AB9D8595E /* Pods-InstaClone-Firebase.release.xcconfig */,
			);
			path = Pods;
			sourceTree = "<group>";
		};
/* End PBXGroup section */

/* Begin PBXNativeTarget section */
		676F1DC32B55347C00BFCF64 /* InstaClone-Firebase */ = {
			isa = PBXNativeTarget;
			buildConfigurationList = 676F1DD82B55347D00BFCF64 /* Build configuration list for PBXNativeTarget "InstaClone-Firebase" */;
			buildPhases = (
				6ADEA388D35D49B8E05BF31C /* [CP] Check Pods Manifest.lock */,
				676F1DC02B55347C00BFCF64 /* Sources */,
				676F1DC12B55347C00BFCF64 /* Frameworks */,
				676F1DC22B55347C00BFCF64 /* Resources */,
				46E4B345698A5421D87938B3 /* [CP] Embed Pods Frameworks */,
			);
			buildRules = (
			);
			dependencies = (
			);
			name = "InstaClone-Firebase";
			productName = "InstaClone-Firebase";
			productReference = 676F1DC42B55347C00BFCF64 /* InstaClone-Firebase.app */;
			productType = "com.apple.product-type.application";
		};
/* End PBXNativeTarget section */

/* Begin PBXProject section */
		676F1DBC2B55347C00BFCF64 /* Project object */ = {
			isa = PBXProject;
			attributes = {
				BuildIndependentTargetsInParallel = 1;
				LastSwiftUpdateCheck = 1510;
				LastUpgradeCheck = 1510;
				TargetAttributes = {
					676F1DC32B55347C00BFCF64 = {
						CreatedOnToolsVersion = 15.1;
					};
				};
			};
			buildConfigurationList = 676F1DBF2B55347C00BFCF64 /* Build configuration list for PBXProject "InstaClone-Firebase" */;
			compatibilityVersion = "Xcode 14.0";
			developmentRegion = en;
			hasScannedForEncodings = 0;
			knownRegions = (
				en,
				Base,
			);
			mainGroup = 676F1DBB2B55347C00BFCF64;
			productRefGroup = 676F1DC52B55347C00BFCF64 /* Products */;
			projectDirPath = "";
			projectRoot = "";
			targets = (
				676F1DC32B55347C00BFCF64 /* InstaClone-Firebase */,
			);
		};
/* End PBXProject section */

/* Begin PBXResourcesBuildPhase section */
		676F1DC22B55347C00BFCF64 /* Resources */ = {
			isa = PBXResourcesBuildPhase;
			buildActionMask = 2147483647;
			files = (
				676F1DD42B55347D00BFCF64 /* LaunchScreen.storyboard in Resources */,
				676F1DDC2B55357D00BFCF64 /* GoogleService-Info.plist in Resources */,
				676F1DD12B55347D00BFCF64 /* Assets.xcassets in Resources */,
				676F1DCF2B55347C00BFCF64 /* Main.storyboard in Resources */,
			);
			runOnlyForDeploymentPostprocessing = 0;
		};
/* End PBXResourcesBuildPhase section */

/* Begin PBXShellScriptBuildPhase section */
		46E4B345698A5421D87938B3 /* [CP] Embed Pods Frameworks */ = {
			isa = PBXShellScriptBuildPhase;
			buildActionMask = 2147483647;
			files = (
			);
			inputFileListPaths = (
				"${PODS_ROOT}/Target Support Files/Pods-InstaClone-Firebase/Pods-InstaClone-Firebase-frameworks-${CONFIGURATION}-input-files.xcfilelist",
			);
			name = "[CP] Embed Pods Frameworks";
			outputFileListPaths = (
				"${PODS_ROOT}/Target Support Files/Pods-InstaClone-Firebase/Pods-InstaClone-Firebase-frameworks-${CONFIGURATION}-output-files.xcfilelist",
			);
			runOnlyForDeploymentPostprocessing = 0;
			shellPath = /bin/sh;
			shellScript = "\"${PODS_ROOT}/Target Support Files/Pods-InstaClone-Firebase/Pods-InstaClone-Firebase-frameworks.sh\"\n";
			showEnvVarsInLog = 0;
		};
		6ADEA388D35D49B8E05BF31C /* [CP] Check Pods Manifest.lock */ = {
			isa = PBXShellScriptBuildPhase;
			buildActionMask = 2147483647;
			files = (
			);
			inputFileListPaths = (
			);
			inputPaths = (
				"${PODS_PODFILE_DIR_PATH}/Podfile.lock",
				"${PODS_ROOT}/Manifest.lock",
			);
			name = "[CP] Check Pods Manifest.lock";
			outputFileListPaths = (
			);
			outputPaths = (
				"$(DERIVED_FILE_DIR)/Pods-InstaClone-Firebase-checkManifestLockResult.txt",
			);
			runOnlyForDeploymentPostprocessing = 0;
			shellPath = /bin/sh;
			shellScript = "diff \"${PODS_PODFILE_DIR_PATH}/Podfile.lock\" \"${PODS_ROOT}/Manifest.lock\" > /dev/null\nif [ $? != 0 ] ; then\n    # print error to STDERR\n    echo \"error: The sandbox is not in sync with the Podfile.lock. Run 'pod install' or update your CocoaPods installation.\" >&2\n    exit 1\nfi\n# This output is used by Xcode 'outputs' to avoid re-running this script phase.\necho \"SUCCESS\" > \"${SCRIPT_OUTPUT_FILE_0}\"\n";
			showEnvVarsInLog = 0;
		};
/* End PBXShellScriptBuildPhase section */

/* Begin PBXSourcesBuildPhase section */
		676F1DC02B55347C00BFCF64 /* Sources */ = {
			isa = PBXSourcesBuildPhase;
			buildActionMask = 2147483647;
			files = (
				676F1DE22B5B8A7600BFCF64 /* FeedVC.swift in Sources */,
				676F1DCC2B55347C00BFCF64 /* ViewController.swift in Sources */,
				676F1DDE2B5B8A5E00BFCF64 /* SettingsVC.swift in Sources */,
				676F1DC82B55347C00BFCF64 /* AppDelegate.swift in Sources */,
				676F1DE02B5B8A6A00BFCF64 /* UploadVC.swift in Sources */,
				676F1DCA2B55347C00BFCF64 /* SceneDelegate.swift in Sources */,
			);
			runOnlyForDeploymentPostprocessing = 0;
		};
/* End PBXSourcesBuildPhase section */

/* Begin PBXVariantGroup section */
		676F1DCD2B55347C00BFCF64 /* Main.storyboard */ = {
			isa = PBXVariantGroup;
			children = (
				676F1DCE2B55347C00BFCF64 /* Base */,
			);
			name = Main.storyboard;
			sourceTree = "<group>";
		};
		676F1DD22B55347D00BFCF64 /* LaunchScreen.storyboard */ = {
			isa = PBXVariantGroup;
			children = (
				676F1DD32B55347D00BFCF64 /* Base */,
			);
			name = LaunchScreen.storyboard;
			sourceTree = "<group>";
		};
/* End PBXVariantGroup section */

/* Begin XCBuildConfiguration section */
		676F1DD62B55347D00BFCF64 /* Debug */ = {
			isa = XCBuildConfiguration;
			buildSettings = {
				ALWAYS_SEARCH_USER_PATHS = NO;
				ASSETCATALOG_COMPILER_GENERATE_SWIFT_ASSET_SYMBOL_EXTENSIONS = YES;
				CLANG_ANALYZER_NONNULL = YES;
				CLANG_ANALYZER_NUMBER_OBJECT_CONVERSION = YES_AGGRESSIVE;
				CLANG_CXX_LANGUAGE_STANDARD = "gnu++20";
				CLANG_ENABLE_MODULES = YES;
				CLANG_ENABLE_OBJC_ARC = YES;
				CLANG_ENABLE_OBJC_WEAK = YES;
				CLANG_WARN_BLOCK_CAPTURE_AUTORELEASING = YES;
				CLANG_WARN_BOOL_CONVERSION = YES;
				CLANG_WARN_COMMA = YES;
				CLANG_WARN_CONSTANT_CONVERSION = YES;
				CLANG_WARN_DEPRECATED_OBJC_IMPLEMENTATIONS = YES;
				CLANG_WARN_DIRECT_OBJC_ISA_USAGE = YES_ERROR;
				CLANG_WARN_DOCUMENTATION_COMMENTS = YES;
				CLANG_WARN_EMPTY_BODY = YES;
				CLANG_WARN_ENUM_CONVERSION = YES;
				CLANG_WARN_INFINITE_RECURSION = YES;
				CLANG_WARN_INT_CONVERSION = YES;
				CLANG_WARN_NON_LITERAL_NULL_CONVERSION = YES;
				CLANG_WARN_OBJC_IMPLICIT_RETAIN_SELF = YES;
				CLANG_WARN_OBJC_LITERAL_CONVERSION = YES;
				CLANG_WARN_OBJC_ROOT_CLASS = YES_ERROR;
				CLANG_WARN_QUOTED_INCLUDE_IN_FRAMEWORK_HEADER = YES;
				CLANG_WARN_RANGE_LOOP_ANALYSIS = YES;
				CLANG_WARN_STRICT_PROTOTYPES = YES;
				CLANG_WARN_SUSPICIOUS_MOVE = YES;
				CLANG_WARN_UNGUARDED_AVAILABILITY = YES_AGGRESSIVE;
				CLANG_WARN_UNREACHABLE_CODE = YES;
				CLANG_WARN__DUPLICATE_METHOD_MATCH = YES;
				COPY_PHASE_STRIP = NO;
				DEBUG_INFORMATION_FORMAT = dwarf;
				ENABLE_STRICT_OBJC_MSGSEND = YES;
				ENABLE_TESTABILITY = YES;
				ENABLE_USER_SCRIPT_SANDBOXING = NO;
				GCC_C_LANGUAGE_STANDARD = gnu17;
				GCC_DYNAMIC_NO_PIC = NO;
				GCC_NO_COMMON_BLOCKS = YES;
				GCC_OPTIMIZATION_LEVEL = 0;
				GCC_PREPROCESSOR_DEFINITIONS = (
					"DEBUG=1",
					"$(inherited)",
				);
				GCC_WARN_64_TO_32_BIT_CONVERSION = YES;
				GCC_WARN_ABOUT_RETURN_TYPE = YES_ERROR;
				GCC_WARN_UNDECLARED_SELECTOR = YES;
				GCC_WARN_UNINITIALIZED_AUTOS = YES_AGGRESSIVE;
				GCC_WARN_UNUSED_FUNCTION = YES;
				GCC_WARN_UNUSED_VARIABLE = YES;
				IPHONEOS_DEPLOYMENT_TARGET = 17.2;
				LOCALIZATION_PREFERS_STRING_CATALOGS = YES;
				MTL_ENABLE_DEBUG_INFO = INCLUDE_SOURCE;
				MTL_FAST_MATH = YES;
				ONLY_ACTIVE_ARCH = YES;
				SDKROOT = iphoneos;
				SWIFT_ACTIVE_COMPILATION_CONDITIONS = "DEBUG $(inherited)";
				SWIFT_OPTIMIZATION_LEVEL = "-Onone";
			};
			name = Debug;
		};
		676F1DD72B55347D00BFCF64 /* Release */ = {
			isa = XCBuildConfiguration;
			buildSettings = {
				ALWAYS_SEARCH_USER_PATHS = NO;
				ASSETCATALOG_COMPILER_GENERATE_SWIFT_ASSET_SYMBOL_EXTENSIONS = YES;
				CLANG_ANALYZER_NONNULL = YES;
				CLANG_ANALYZER_NUMBER_OBJECT_CONVERSION = YES_AGGRESSIVE;
				CLANG_CXX_LANGUAGE_STANDARD = "gnu++20";
				CLANG_ENABLE_MODULES = YES;
				CLANG_ENABLE_OBJC_ARC = YES;
				CLANG_ENABLE_OBJC_WEAK = YES;
				CLANG_WARN_BLOCK_CAPTURE_AUTORELEASING = YES;
				CLANG_WARN_BOOL_CONVERSION = YES;
				CLANG_WARN_COMMA = YES;
				CLANG_WARN_CONSTANT_CONVERSION = YES;
				CLANG_WARN_DEPRECATED_OBJC_IMPLEMENTATIONS = YES;
				CLANG_WARN_DIRECT_OBJC_ISA_USAGE = YES_ERROR;
				CLANG_WARN_DOCUMENTATION_COMMENTS = YES;
				CLANG_WARN_EMPTY_BODY = YES;
				CLANG_WARN_ENUM_CONVERSION = YES;
				CLANG_WARN_INFINITE_RECURSION = YES;
				CLANG_WARN_INT_CONVERSION = YES;
				CLANG_WARN_NON_LITERAL_NULL_CONVERSION = YES;
				CLANG_WARN_OBJC_IMPLICIT_RETAIN_SELF = YES;
				CLANG_WARN_OBJC_LITERAL_CONVERSION = YES;
				CLANG_WARN_OBJC_ROOT_CLASS = YES_ERROR;
				CLANG_WARN_QUOTED_INCLUDE_IN_FRAMEWORK_HEADER = YES;
				CLANG_WARN_RANGE_LOOP_ANALYSIS = YES;
				CLANG_WARN_STRICT_PROTOTYPES = YES;
				CLANG_WARN_SUSPICIOUS_MOVE = YES;
				CLANG_WARN_UNGUARDED_AVAILABILITY = YES_AGGRESSIVE;
				CLANG_WARN_UNREACHABLE_CODE = YES;
				CLANG_WARN__DUPLICATE_METHOD_MATCH = YES;
				COPY_PHASE_STRIP = NO;
				DEBUG_INFORMATION_FORMAT = "dwarf-with-dsym";
				ENABLE_NS_ASSERTIONS = NO;
				ENABLE_STRICT_OBJC_MSGSEND = YES;
				ENABLE_USER_SCRIPT_SANDBOXING = NO;
				GCC_C_LANGUAGE_STANDARD = gnu17;
				GCC_NO_COMMON_BLOCKS = YES;
				GCC_WARN_64_TO_32_BIT_CONVERSION = YES;
				GCC_WARN_ABOUT_RETURN_TYPE = YES_ERROR;
				GCC_WARN_UNDECLARED_SELECTOR = YES;
				GCC_WARN_UNINITIALIZED_AUTOS = YES_AGGRESSIVE;
				GCC_WARN_UNUSED_FUNCTION = YES;
				GCC_WARN_UNUSED_VARIABLE = YES;
				IPHONEOS_DEPLOYMENT_TARGET = 17.2;
				LOCALIZATION_PREFERS_STRING_CATALOGS = YES;
				MTL_ENABLE_DEBUG_INFO = NO;
				MTL_FAST_MATH = YES;
				SDKROOT = iphoneos;
				SWIFT_COMPILATION_MODE = wholemodule;
				VALIDATE_PRODUCT = YES;
			};
			name = Release;
		};
		676F1DD92B55347D00BFCF64 /* Debug */ = {
			isa = XCBuildConfiguration;
			baseConfigurationReference = 01853D9AA3136D3F2265F3EB /* Pods-InstaClone-Firebase.debug.xcconfig */;
			buildSettings = {
				ASSETCATALOG_COMPILER_APPICON_NAME = AppIcon;
				ASSETCATALOG_COMPILER_GLOBAL_ACCENT_COLOR_NAME = AccentColor;
				CODE_SIGN_STYLE = Automatic;
				CURRENT_PROJECT_VERSION = 1;
				DEVELOPMENT_TEAM = SFMNJ5ZUJ7;
				GENERATE_INFOPLIST_FILE = YES;
				INFOPLIST_FILE = "InstaClone-Firebase/Info.plist";
				INFOPLIST_KEY_UIApplicationSupportsIndirectInputEvents = YES;
				INFOPLIST_KEY_UILaunchStoryboardName = LaunchScreen;
				INFOPLIST_KEY_UIMainStoryboardFile = Main;
				INFOPLIST_KEY_UISupportedInterfaceOrientations_iPad = "UIInterfaceOrientationPortrait UIInterfaceOrientationPortraitUpsideDown UIInterfaceOrientationLandscapeLeft UIInterfaceOrientationLandscapeRight";
				INFOPLIST_KEY_UISupportedInterfaceOrientations_iPhone = "UIInterfaceOrientationPortrait UIInterfaceOrientationLandscapeLeft UIInterfaceOrientationLandscapeRight";
				LD_RUNPATH_SEARCH_PATHS = (
					"$(inherited)",
					"@executable_path/Frameworks",
				);
				MARKETING_VERSION = 1.0;
				PRODUCT_BUNDLE_IDENTIFIER = "com.burakyildiz.InstaClone-Firebase";
				PRODUCT_NAME = "$(TARGET_NAME)";
				SWIFT_EMIT_LOC_STRINGS = YES;
				SWIFT_VERSION = 5.0;
				TARGETED_DEVICE_FAMILY = "1,2";
			};
			name = Debug;
		};
		676F1DDA2B55347D00BFCF64 /* Release */ = {
			isa = XCBuildConfiguration;
			baseConfigurationReference = 96E255EBB346F59AB9D8595E /* Pods-InstaClone-Firebase.release.xcconfig */;
			buildSettings = {
				ASSETCATALOG_COMPILER_APPICON_NAME = AppIcon;
				ASSETCATALOG_COMPILER_GLOBAL_ACCENT_COLOR_NAME = AccentColor;
				CODE_SIGN_STYLE = Automatic;
				CURRENT_PROJECT_VERSION = 1;
				DEVELOPMENT_TEAM = SFMNJ5ZUJ7;
				GENERATE_INFOPLIST_FILE = YES;
				INFOPLIST_FILE = "InstaClone-Firebase/Info.plist";
				INFOPLIST_KEY_UIApplicationSupportsIndirectInputEvents = YES;
				INFOPLIST_KEY_UILaunchStoryboardName = LaunchScreen;
				INFOPLIST_KEY_UIMainStoryboardFile = Main;
				INFOPLIST_KEY_UISupportedInterfaceOrientations_iPad = "UIInterfaceOrientationPortrait UIInterfaceOrientationPortraitUpsideDown UIInterfaceOrientationLandscapeLeft UIInterfaceOrientationLandscapeRight";
				INFOPLIST_KEY_UISupportedInterfaceOrientations_iPhone = "UIInterfaceOrientationPortrait UIInterfaceOrientationLandscapeLeft UIInterfaceOrientationLandscapeRight";
				LD_RUNPATH_SEARCH_PATHS = (
					"$(inherited)",
					"@executable_path/Frameworks",
				);
				MARKETING_VERSION = 1.0;
				PRODUCT_BUNDLE_IDENTIFIER = "com.burakyildiz.InstaClone-Firebase";
				PRODUCT_NAME = "$(TARGET_NAME)";
				SWIFT_EMIT_LOC_STRINGS = YES;
				SWIFT_VERSION = 5.0;
				TARGETED_DEVICE_FAMILY = "1,2";
			};
			name = Release;
		};
/* End XCBuildConfiguration section */

/* Begin XCConfigurationList section */
		676F1DBF2B55347C00BFCF64 /* Build configuration list for PBXProject "InstaClone-Firebase" */ = {
			isa = XCConfigurationList;
			buildConfigurations = (
				676F1DD62B55347D00BFCF64 /* Debug */,
				676F1DD72B55347D00BFCF64 /* Release */,
			);
			defaultConfigurationIsVisible = 0;
			defaultConfigurationName = Release;
		};
		676F1DD82B55347D00BFCF64 /* Build configuration list for PBXNativeTarget "InstaClone-Firebase" */ = {
			isa = XCConfigurationList;
			buildConfigurations = (
				676F1DD92B55347D00BFCF64 /* Debug */,
				676F1DDA2B55347D00BFCF64 /* Release */,
			);
			defaultConfigurationIsVisible = 0;
			defaultConfigurationName = Release;
		};
/* End XCConfigurationList section */
	};
	rootObject = 676F1DBC2B55347C00BFCF64 /* Project object */;
}
